// !$*UTF8*$!
{
	archiveVersion = 1;
	classes = {
	};
	objectVersion = 50;
	objects = {

/* Begin PBXBuildFile section */
		88390299C16E8E342FEF34A1 /* Pods_ReleviumApp.framework in Frameworks */ = {isa = PBXBuildFile; fileRef = 9E5C21823886026B89720CF3 /* Pods_ReleviumApp.framework */; };
		8F71D04322258343004530ED /* TwitterSentimentClassifier.mlmodel in Sources */ = {isa = PBXBuildFile; fileRef = 8F71D04222258343004530ED /* TwitterSentimentClassifier.mlmodel */; };
		8F927CA9221DDBB600D6A55C /* AppDelegate.swift in Sources */ = {isa = PBXBuildFile; fileRef = 8F927CA8221DDBB600D6A55C /* AppDelegate.swift */; };
		8F927CAB221DDBB600D6A55C /* ViewController.swift in Sources */ = {isa = PBXBuildFile; fileRef = 8F927CAA221DDBB600D6A55C /* ViewController.swift */; };
		8F927CAE221DDBB600D6A55C /* Main.storyboard in Resources */ = {isa = PBXBuildFile; fileRef = 8F927CAC221DDBB600D6A55C /* Main.storyboard */; };
		8F927CB0221DDBB700D6A55C /* Assets.xcassets in Resources */ = {isa = PBXBuildFile; fileRef = 8F927CAF221DDBB700D6A55C /* Assets.xcassets */; };
		8F927CB3221DDBB700D6A55C /* LaunchScreen.storyboard in Resources */ = {isa = PBXBuildFile; fileRef = 8F927CB1221DDBB700D6A55C /* LaunchScreen.storyboard */; };
		8FC9C16122268D1200C7597C /* ButtonLayout.swift in Sources */ = {isa = PBXBuildFile; fileRef = 8FC9C16022268D1200C7597C /* ButtonLayout.swift */; };
		8FD10180222B30C200D5D130 /* RegisterViewController.swift in Sources */ = {isa = PBXBuildFile; fileRef = 8FD1017F222B30C200D5D130 /* RegisterViewController.swift */; };
		8FD10182222B30D500D5D130 /* LoginViewController.swift in Sources */ = {isa = PBXBuildFile; fileRef = 8FD10181222B30D500D5D130 /* LoginViewController.swift */; };
		8FD10184222B328400D5D130 /* WelcomeViewController.swift in Sources */ = {isa = PBXBuildFile; fileRef = 8FD10183222B328400D5D130 /* WelcomeViewController.swift */; };
		8FD10186222B395E00D5D130 /* GoogleService-Info.plist in Resources */ = {isa = PBXBuildFile; fileRef = 8FD10185222B395E00D5D130 /* GoogleService-Info.plist */; };
		8FD3C6FC2223087100975659 /* ChatEntity.swift in Sources */ = {isa = PBXBuildFile; fileRef = 8FD3C6FB2223087100975659 /* ChatEntity.swift */; };
/* End PBXBuildFile section */

/* Begin PBXFileReference section */
		596BA5510A80FD41027EB28D /* Pods-ReleviumApp.release.xcconfig */ = {isa = PBXFileReference; includeInIndex = 1; lastKnownFileType = text.xcconfig; name = "Pods-ReleviumApp.release.xcconfig"; path = "Target Support Files/Pods-ReleviumApp/Pods-ReleviumApp.release.xcconfig"; sourceTree = "<group>"; };
		8F71D04222258343004530ED /* TwitterSentimentClassifier.mlmodel */ = {isa = PBXFileReference; lastKnownFileType = file.mlmodel; name = TwitterSentimentClassifier.mlmodel; path = "ReleviumApp/Supporting Files/TwitterSentimentClassifier.mlmodel"; sourceTree = SOURCE_ROOT; };
		8F927CA5221DDBB600D6A55C /* ReleviumApp.app */ = {isa = PBXFileReference; explicitFileType = wrapper.application; includeInIndex = 0; path = ReleviumApp.app; sourceTree = BUILT_PRODUCTS_DIR; };
		8F927CA8221DDBB600D6A55C /* AppDelegate.swift */ = {isa = PBXFileReference; lastKnownFileType = sourcecode.swift; path = AppDelegate.swift; sourceTree = "<group>"; };
		8F927CAA221DDBB600D6A55C /* ViewController.swift */ = {isa = PBXFileReference; lastKnownFileType = sourcecode.swift; path = ViewController.swift; sourceTree = "<group>"; };
		8F927CAD221DDBB600D6A55C /* Base */ = {isa = PBXFileReference; lastKnownFileType = file.storyboard; name = Base; path = Base.lproj/Main.storyboard; sourceTree = "<group>"; };
		8F927CAF221DDBB700D6A55C /* Assets.xcassets */ = {isa = PBXFileReference; lastKnownFileType = folder.assetcatalog; path = Assets.xcassets; sourceTree = "<group>"; };
		8F927CB2221DDBB700D6A55C /* Base */ = {isa = PBXFileReference; lastKnownFileType = file.storyboard; name = Base; path = Base.lproj/LaunchScreen.storyboard; sourceTree = "<group>"; };
		8F927CB4221DDBB700D6A55C /* Info.plist */ = {isa = PBXFileReference; lastKnownFileType = text.plist.xml; path = Info.plist; sourceTree = "<group>"; };
		8FC9C16022268D1200C7597C /* ButtonLayout.swift */ = {isa = PBXFileReference; lastKnownFileType = sourcecode.swift; path = ButtonLayout.swift; sourceTree = "<group>"; };
		8FD1017F222B30C200D5D130 /* RegisterViewController.swift */ = {isa = PBXFileReference; lastKnownFileType = sourcecode.swift; path = RegisterViewController.swift; sourceTree = "<group>"; };
		8FD10181222B30D500D5D130 /* LoginViewController.swift */ = {isa = PBXFileReference; lastKnownFileType = sourcecode.swift; path = LoginViewController.swift; sourceTree = "<group>"; };
		8FD10183222B328400D5D130 /* WelcomeViewController.swift */ = {isa = PBXFileReference; lastKnownFileType = sourcecode.swift; path = WelcomeViewController.swift; sourceTree = "<group>"; };
		8FD10185222B395E00D5D130 /* GoogleService-Info.plist */ = {isa = PBXFileReference; fileEncoding = 4; lastKnownFileType = text.plist.xml; path = "GoogleService-Info.plist"; sourceTree = "<group>"; };
		8FD3C6FB2223087100975659 /* ChatEntity.swift */ = {isa = PBXFileReference; lastKnownFileType = sourcecode.swift; path = ChatEntity.swift; sourceTree = "<group>"; };
		92B09504ECA24C659E4304F4 /* Pods-ReleviumApp.debug.xcconfig */ = {isa = PBXFileReference; includeInIndex = 1; lastKnownFileType = text.xcconfig; name = "Pods-ReleviumApp.debug.xcconfig"; path = "Target Support Files/Pods-ReleviumApp/Pods-ReleviumApp.debug.xcconfig"; sourceTree = "<group>"; };
		9E5C21823886026B89720CF3 /* Pods_ReleviumApp.framework */ = {isa = PBXFileReference; explicitFileType = wrapper.framework; includeInIndex = 0; path = Pods_ReleviumApp.framework; sourceTree = BUILT_PRODUCTS_DIR; };
/* End PBXFileReference section */

/* Begin PBXFrameworksBuildPhase section */
		8F927CA2221DDBB600D6A55C /* Frameworks */ = {
			isa = PBXFrameworksBuildPhase;
			buildActionMask = 2147483647;
			files = (
				88390299C16E8E342FEF34A1 /* Pods_ReleviumApp.framework in Frameworks */,
			);
			runOnlyForDeploymentPostprocessing = 0;
		};
/* End PBXFrameworksBuildPhase section */

/* Begin PBXGroup section */
		3B43E428AD5CDE5F82C42F94 /* Pods */ = {
			isa = PBXGroup;
			children = (
				92B09504ECA24C659E4304F4 /* Pods-ReleviumApp.debug.xcconfig */,
				596BA5510A80FD41027EB28D /* Pods-ReleviumApp.release.xcconfig */,
			);
			name = Pods;
			path = Pods;
			sourceTree = "<group>";
		};
		8F927C9C221DDBB600D6A55C = {
			isa = PBXGroup;
			children = (
				8F927CA7221DDBB600D6A55C /* ReleviumApp */,
				8F927CA6221DDBB600D6A55C /* Products */,
				3B43E428AD5CDE5F82C42F94 /* Pods */,
				8FF9626F600D81FE5461F9A0 /* Frameworks */,
			);
			sourceTree = "<group>";
		};
		8F927CA6221DDBB600D6A55C /* Products */ = {
			isa = PBXGroup;
			children = (
				8F927CA5221DDBB600D6A55C /* ReleviumApp.app */,
			);
			name = Products;
			sourceTree = "<group>";
		};
		8F927CA7221DDBB600D6A55C /* ReleviumApp */ = {
			isa = PBXGroup;
			children = (
				8F927CA8221DDBB600D6A55C /* AppDelegate.swift */,
				8F927CBB221DDC0200D6A55C /* View */,
				8F927CBC221DDC0D00D6A55C /* Controller */,
				8F927CBA221DDBF700D6A55C /* Model */,
				8FADB5152226824700D53FB1 /* Supporting Files */,
				8F927CAC221DDBB600D6A55C /* Main.storyboard */,
				8F927CB1221DDBB700D6A55C /* LaunchScreen.storyboard */,
				8F927CB4221DDBB700D6A55C /* Info.plist */,
				8FD10185222B395E00D5D130 /* GoogleService-Info.plist */,
			);
			path = ReleviumApp;
			sourceTree = "<group>";
		};
		8F927CBA221DDBF700D6A55C /* Model */ = {
			isa = PBXGroup;
			children = (
				8FD3C6FB2223087100975659 /* ChatEntity.swift */,
			);
			path = Model;
			sourceTree = "<group>";
		};
		8F927CBB221DDC0200D6A55C /* View */ = {
			isa = PBXGroup;
			children = (
				8FC9C16022268D1200C7597C /* ButtonLayout.swift */,
			);
			path = View;
			sourceTree = "<group>";
		};
		8F927CBC221DDC0D00D6A55C /* Controller */ = {
			isa = PBXGroup;
			children = (
				8F927CAA221DDBB600D6A55C /* ViewController.swift */,
				8FD1017F222B30C200D5D130 /* RegisterViewController.swift */,
				8FD10181222B30D500D5D130 /* LoginViewController.swift */,
				8FD10183222B328400D5D130 /* WelcomeViewController.swift */,
			);
			path = Controller;
			sourceTree = "<group>";
		};
		8FADB5152226824700D53FB1 /* Supporting Files */ = {
			isa = PBXGroup;
			children = (
				8F71D04222258343004530ED /* TwitterSentimentClassifier.mlmodel */,
				8F927CAF221DDBB700D6A55C /* Assets.xcassets */,
			);
			path = "Supporting Files";
			sourceTree = "<group>";
		};
		8FF9626F600D81FE5461F9A0 /* Frameworks */ = {
			isa = PBXGroup;
			children = (
				9E5C21823886026B89720CF3 /* Pods_ReleviumApp.framework */,
			);
			name = Frameworks;
			sourceTree = "<group>";
		};
/* End PBXGroup section */

/* Begin PBXNativeTarget section */
		8F927CA4221DDBB600D6A55C /* ReleviumApp */ = {
			isa = PBXNativeTarget;
			buildConfigurationList = 8F927CB7221DDBB700D6A55C /* Build configuration list for PBXNativeTarget "ReleviumApp" */;
			buildPhases = (
				88E2C39BFB472AAC5001ED18 /* [CP] Check Pods Manifest.lock */,
				8F927CA1221DDBB600D6A55C /* Sources */,
				8F927CA2221DDBB600D6A55C /* Frameworks */,
				8F927CA3221DDBB600D6A55C /* Resources */,
				DC73B5667A4141D197F2BE53 /* [CP] Embed Pods Frameworks */,
			);
			buildRules = (
			);
			dependencies = (
			);
			name = ReleviumApp;
			productName = ReleviumApp;
			productReference = 8F927CA5221DDBB600D6A55C /* ReleviumApp.app */;
			productType = "com.apple.product-type.application";
		};
/* End PBXNativeTarget section */

/* Begin PBXProject section */
		8F927C9D221DDBB600D6A55C /* Project object */ = {
			isa = PBXProject;
			attributes = {
				LastSwiftUpdateCheck = 1010;
				LastUpgradeCheck = 1010;
				ORGANIZATIONNAME = MrRadix;
				TargetAttributes = {
					8F927CA4221DDBB600D6A55C = {
						CreatedOnToolsVersion = 10.1;
					};
				};
			};
			buildConfigurationList = 8F927CA0221DDBB600D6A55C /* Build configuration list for PBXProject "ReleviumApp" */;
			compatibilityVersion = "Xcode 9.3";
			developmentRegion = en;
			hasScannedForEncodings = 0;
			knownRegions = (
				en,
				Base,
			);
			mainGroup = 8F927C9C221DDBB600D6A55C;
			productRefGroup = 8F927CA6221DDBB600D6A55C /* Products */;
			projectDirPath = "";
			projectRoot = "";
			targets = (
				8F927CA4221DDBB600D6A55C /* ReleviumApp */,
			);
		};
/* End PBXProject section */

/* Begin PBXResourcesBuildPhase section */
		8F927CA3221DDBB600D6A55C /* Resources */ = {
			isa = PBXResourcesBuildPhase;
			buildActionMask = 2147483647;
			files = (
				8F927CB3221DDBB700D6A55C /* LaunchScreen.storyboard in Resources */,
				8FD10186222B395E00D5D130 /* GoogleService-Info.plist in Resources */,
				8F927CB0221DDBB700D6A55C /* Assets.xcassets in Resources */,
				8F927CAE221DDBB600D6A55C /* Main.storyboard in Resources */,
			);
			runOnlyForDeploymentPostprocessing = 0;
		};
/* End PBXResourcesBuildPhase section */

/* Begin PBXShellScriptBuildPhase section */
		88E2C39BFB472AAC5001ED18 /* [CP] Check Pods Manifest.lock */ = {
			isa = PBXShellScriptBuildPhase;
			buildActionMask = 2147483647;
			files = (
			);
			inputFileListPaths = (
			);
			inputPaths = (
				"${PODS_PODFILE_DIR_PATH}/Podfile.lock",
				"${PODS_ROOT}/Manifest.lock",
			);
			name = "[CP] Check Pods Manifest.lock";
			outputFileListPaths = (
			);
			outputPaths = (
				"$(DERIVED_FILE_DIR)/Pods-ReleviumApp-checkManifestLockResult.txt",
			);
			runOnlyForDeploymentPostprocessing = 0;
			shellPath = /bin/sh;
			shellScript = "diff \"${PODS_PODFILE_DIR_PATH}/Podfile.lock\" \"${PODS_ROOT}/Manifest.lock\" > /dev/null\nif [ $? != 0 ] ; then\n    # print error to STDERR\n    echo \"error: The sandbox is not in sync with the Podfile.lock. Run 'pod install' or update your CocoaPods installation.\" >&2\n    exit 1\nfi\n# This output is used by Xcode 'outputs' to avoid re-running this script phase.\necho \"SUCCESS\" > \"${SCRIPT_OUTPUT_FILE_0}\"\n";
			showEnvVarsInLog = 0;
		};
		DC73B5667A4141D197F2BE53 /* [CP] Embed Pods Frameworks */ = {
			isa = PBXShellScriptBuildPhase;
			buildActionMask = 2147483647;
			files = (
			);
			inputFileListPaths = (
			);
			inputPaths = (
				"${PODS_ROOT}/Target Support Files/Pods-ReleviumApp/Pods-ReleviumApp-frameworks.sh",
				"${BUILT_PRODUCTS_DIR}/GTMSessionFetcher/GTMSessionFetcher.framework",
				"${BUILT_PRODUCTS_DIR}/GoogleUtilities/GoogleUtilities.framework",
				"${BUILT_PRODUCTS_DIR}/SVProgressHUD/SVProgressHUD.framework",
				"${BUILT_PRODUCTS_DIR}/Toast-Swift/Toast_Swift.framework",
				"${BUILT_PRODUCTS_DIR}/leveldb-library/leveldb.framework",
				"${BUILT_PRODUCTS_DIR}/nanopb/nanopb.framework",
			);
			name = "[CP] Embed Pods Frameworks";
			outputFileListPaths = (
			);
			outputPaths = (
				"${TARGET_BUILD_DIR}/${FRAMEWORKS_FOLDER_PATH}/GTMSessionFetcher.framework",
				"${TARGET_BUILD_DIR}/${FRAMEWORKS_FOLDER_PATH}/GoogleUtilities.framework",
				"${TARGET_BUILD_DIR}/${FRAMEWORKS_FOLDER_PATH}/SVProgressHUD.framework",
				"${TARGET_BUILD_DIR}/${FRAMEWORKS_FOLDER_PATH}/Toast_Swift.framework",
				"${TARGET_BUILD_DIR}/${FRAMEWORKS_FOLDER_PATH}/leveldb.framework",
				"${TARGET_BUILD_DIR}/${FRAMEWORKS_FOLDER_PATH}/nanopb.framework",
			);
			runOnlyForDeploymentPostprocessing = 0;
			shellPath = /bin/sh;
			shellScript = "\"${PODS_ROOT}/Target Support Files/Pods-ReleviumApp/Pods-ReleviumApp-frameworks.sh\"\n";
			showEnvVarsInLog = 0;
		};
/* End PBXShellScriptBuildPhase section */

/* Begin PBXSourcesBuildPhase section */
		8F927CA1221DDBB600D6A55C /* Sources */ = {
			isa = PBXSourcesBuildPhase;
			buildActionMask = 2147483647;
			files = (
				8FD10182222B30D500D5D130 /* LoginViewController.swift in Sources */,
				8FD10184222B328400D5D130 /* WelcomeViewController.swift in Sources */,
				8FD3C6FC2223087100975659 /* ChatEntity.swift in Sources */,
				8F71D04322258343004530ED /* TwitterSentimentClassifier.mlmodel in Sources */,
				8FC9C16122268D1200C7597C /* ButtonLayout.swift in Sources */,
				8FD10180222B30C200D5D130 /* RegisterViewController.swift in Sources */,
				8F927CAB221DDBB600D6A55C /* ViewController.swift in Sources */,
				8F927CA9221DDBB600D6A55C /* AppDelegate.swift in Sources */,
			);
			runOnlyForDeploymentPostprocessing = 0;
		};
/* End PBXSourcesBuildPhase section */

/* Begin PBXVariantGroup section */
		8F927CAC221DDBB600D6A55C /* Main.storyboard */ = {
			isa = PBXVariantGroup;
			children = (
				8F927CAD221DDBB600D6A55C /* Base */,
			);
			name = Main.storyboard;
			sourceTree = "<group>";
		};
		8F927CB1221DDBB700D6A55C /* LaunchScreen.storyboard */ = {
			isa = PBXVariantGroup;
			children = (
				8F927CB2221DDBB700D6A55C /* Base */,
			);
			name = LaunchScreen.storyboard;
			sourceTree = "<group>";
		};
/* End PBXVariantGroup section */

/* Begin XCBuildConfiguration section */
		8F927CB5221DDBB700D6A55C /* Debug */ = {
			isa = XCBuildConfiguration;
			buildSettings = {
				ALWAYS_SEARCH_USER_PATHS = NO;
				CLANG_ANALYZER_NONNULL = YES;
				CLANG_ANALYZER_NUMBER_OBJECT_CONVERSION = YES_AGGRESSIVE;
				CLANG_CXX_LANGUAGE_STANDARD = "gnu++14";
				CLANG_CXX_LIBRARY = "libc++";
				CLANG_ENABLE_MODULES = YES;
				CLANG_ENABLE_OBJC_ARC = YES;
				CLANG_ENABLE_OBJC_WEAK = YES;
				CLANG_WARN_BLOCK_CAPTURE_AUTORELEASING = YES;
				CLANG_WARN_BOOL_CONVERSION = YES;
				CLANG_WARN_COMMA = YES;
				CLANG_WARN_CONSTANT_CONVERSION = YES;
				CLANG_WARN_DEPRECATED_OBJC_IMPLEMENTATIONS = YES;
				CLANG_WARN_DIRECT_OBJC_ISA_USAGE = YES_ERROR;
				CLANG_WARN_DOCUMENTATION_COMMENTS = YES;
				CLANG_WARN_EMPTY_BODY = YES;
				CLANG_WARN_ENUM_CONVERSION = YES;
				CLANG_WARN_INFINITE_RECURSION = YES;
				CLANG_WARN_INT_CONVERSION = YES;
				CLANG_WARN_NON_LITERAL_NULL_CONVERSION = YES;
				CLANG_WARN_OBJC_IMPLICIT_RETAIN_SELF = YES;
				CLANG_WARN_OBJC_LITERAL_CONVERSION = YES;
				CLANG_WARN_OBJC_ROOT_CLASS = YES_ERROR;
				CLANG_WARN_RANGE_LOOP_ANALYSIS = YES;
				CLANG_WARN_STRICT_PROTOTYPES = YES;
				CLANG_WARN_SUSPICIOUS_MOVE = YES;
				CLANG_WARN_UNGUARDED_AVAILABILITY = YES_AGGRESSIVE;
				CLANG_WARN_UNREACHABLE_CODE = YES;
				CLANG_WARN__DUPLICATE_METHOD_MATCH = YES;
				CODE_SIGN_IDENTITY = "iPhone Developer";
				COPY_PHASE_STRIP = NO;
				DEBUG_INFORMATION_FORMAT = dwarf;
				ENABLE_STRICT_OBJC_MSGSEND = YES;
				ENABLE_TESTABILITY = YES;
				GCC_C_LANGUAGE_STANDARD = gnu11;
				GCC_DYNAMIC_NO_PIC = NO;
				GCC_NO_COMMON_BLOCKS = YES;
				GCC_OPTIMIZATION_LEVEL = 0;
				GCC_PREPROCESSOR_DEFINITIONS = (
					"DEBUG=1",
					"$(inherited)",
				);
				GCC_WARN_64_TO_32_BIT_CONVERSION = YES;
				GCC_WARN_ABOUT_RETURN_TYPE = YES_ERROR;
				GCC_WARN_UNDECLARED_SELECTOR = YES;
				GCC_WARN_UNINITIALIZED_AUTOS = YES_AGGRESSIVE;
				GCC_WARN_UNUSED_FUNCTION = YES;
				GCC_WARN_UNUSED_VARIABLE = YES;
				IPHONEOS_DEPLOYMENT_TARGET = 12.1;
				MTL_ENABLE_DEBUG_INFO = INCLUDE_SOURCE;
				MTL_FAST_MATH = YES;
				ONLY_ACTIVE_ARCH = YES;
				SDKROOT = iphoneos;
				SWIFT_ACTIVE_COMPILATION_CONDITIONS = DEBUG;
				SWIFT_OPTIMIZATION_LEVEL = "-Onone";
			};
			name = Debug;
		};
		8F927CB6221DDBB700D6A55C /* Release */ = {
			isa = XCBuildConfiguration;
			buildSettings = {
				ALWAYS_SEARCH_USER_PATHS = NO;
				CLANG_ANALYZER_NONNULL = YES;
				CLANG_ANALYZER_NUMBER_OBJECT_CONVERSION = YES_AGGRESSIVE;
				CLANG_CXX_LANGUAGE_STANDARD = "gnu++14";
				CLANG_CXX_LIBRARY = "libc++";
				CLANG_ENABLE_MODULES = YES;
				CLANG_ENABLE_OBJC_ARC = YES;
				CLANG_ENABLE_OBJC_WEAK = YES;
				CLANG_WARN_BLOCK_CAPTURE_AUTORELEASING = YES;
				CLANG_WARN_BOOL_CONVERSION = YES;
				CLANG_WARN_COMMA = YES;
				CLANG_WARN_CONSTANT_CONVERSION = YES;
				CLANG_WARN_DEPRECATED_OBJC_IMPLEMENTATIONS = YES;
				CLANG_WARN_DIRECT_OBJC_ISA_USAGE = YES_ERROR;
				CLANG_WARN_DOCUMENTATION_COMMENTS = YES;
				CLANG_WARN_EMPTY_BODY = YES;
				CLANG_WARN_ENUM_CONVERSION = YES;
				CLANG_WARN_INFINITE_RECURSION = YES;
				CLANG_WARN_INT_CONVERSION = YES;
				CLANG_WARN_NON_LITERAL_NULL_CONVERSION = YES;
				CLANG_WARN_OBJC_IMPLICIT_RETAIN_SELF = YES;
				CLANG_WARN_OBJC_LITERAL_CONVERSION = YES;
				CLANG_WARN_OBJC_ROOT_CLASS = YES_ERROR;
				CLANG_WARN_RANGE_LOOP_ANALYSIS = YES;
				CLANG_WARN_STRICT_PROTOTYPES = YES;
				CLANG_WARN_SUSPICIOUS_MOVE = YES;
				CLANG_WARN_UNGUARDED_AVAILABILITY = YES_AGGRESSIVE;
				CLANG_WARN_UNREACHABLE_CODE = YES;
				CLANG_WARN__DUPLICATE_METHOD_MATCH = YES;
				CODE_SIGN_IDENTITY = "iPhone Developer";
				COPY_PHASE_STRIP = NO;
				DEBUG_INFORMATION_FORMAT = "dwarf-with-dsym";
				ENABLE_NS_ASSERTIONS = NO;
				ENABLE_STRICT_OBJC_MSGSEND = YES;
				GCC_C_LANGUAGE_STANDARD = gnu11;
				GCC_NO_COMMON_BLOCKS = YES;
				GCC_WARN_64_TO_32_BIT_CONVERSION = YES;
				GCC_WARN_ABOUT_RETURN_TYPE = YES_ERROR;
				GCC_WARN_UNDECLARED_SELECTOR = YES;
				GCC_WARN_UNINITIALIZED_AUTOS = YES_AGGRESSIVE;
				GCC_WARN_UNUSED_FUNCTION = YES;
				GCC_WARN_UNUSED_VARIABLE = YES;
				IPHONEOS_DEPLOYMENT_TARGET = 12.1;
				MTL_ENABLE_DEBUG_INFO = NO;
				MTL_FAST_MATH = YES;
				SDKROOT = iphoneos;
				SWIFT_COMPILATION_MODE = wholemodule;
				SWIFT_OPTIMIZATION_LEVEL = "-O";
				VALIDATE_PRODUCT = YES;
			};
			name = Release;
		};
		8F927CB8221DDBB700D6A55C /* Debug */ = {
			isa = XCBuildConfiguration;
			baseConfigurationReference = 92B09504ECA24C659E4304F4 /* Pods-ReleviumApp.debug.xcconfig */;
			buildSettings = {
				ASSETCATALOG_COMPILER_APPICON_NAME = AppIcon;
				CODE_SIGN_STYLE = Automatic;
				DEVELOPMENT_TEAM = TPMJ9P566X;
				INFOPLIST_FILE = ReleviumApp/Info.plist;
				IPHONEOS_DEPLOYMENT_TARGET = 12.1;
				LD_RUNPATH_SEARCH_PATHS = (
					"$(inherited)",
					"@executable_path/Frameworks",
				);
				PRODUCT_BUNDLE_IDENTIFIER = com.MrRadix.ReleviumApp;
				PRODUCT_NAME = "$(TARGET_NAME)";
				SWIFT_VERSION = 4.2;
				TARGETED_DEVICE_FAMILY = "1,2";
			};
			name = Debug;
		};
		8F927CB9221DDBB700D6A55C /* Release */ = {
			isa = XCBuildConfiguration;
			baseConfigurationReference = 596BA5510A80FD41027EB28D /* Pods-ReleviumApp.release.xcconfig */;
			buildSettings = {
				ASSETCATALOG_COMPILER_APPICON_NAME = AppIcon;
				CODE_SIGN_STYLE = Automatic;
				DEVELOPMENT_TEAM = TPMJ9P566X;
				INFOPLIST_FILE = ReleviumApp/Info.plist;
				IPHONEOS_DEPLOYMENT_TARGET = 12.1;
				LD_RUNPATH_SEARCH_PATHS = (
					"$(inherited)",
					"@executable_path/Frameworks",
				);
				PRODUCT_BUNDLE_IDENTIFIER = com.MrRadix.ReleviumApp;
				PRODUCT_NAME = "$(TARGET_NAME)";
				SWIFT_VERSION = 4.2;
				TARGETED_DEVICE_FAMILY = "1,2";
			};
			name = Release;
		};
/* End XCBuildConfiguration section */

/* Begin XCConfigurationList section */
		8F927CA0221DDBB600D6A55C /* Build configuration list for PBXProject "ReleviumApp" */ = {
			isa = XCConfigurationList;
			buildConfigurations = (
				8F927CB5221DDBB700D6A55C /* Debug */,
				8F927CB6221DDBB700D6A55C /* Release */,
			);
			defaultConfigurationIsVisible = 0;
			defaultConfigurationName = Release;
		};
		8F927CB7221DDBB700D6A55C /* Build configuration list for PBXNativeTarget "ReleviumApp" */ = {
			isa = XCConfigurationList;
			buildConfigurations = (
				8F927CB8221DDBB700D6A55C /* Debug */,
				8F927CB9221DDBB700D6A55C /* Release */,
			);
			defaultConfigurationIsVisible = 0;
			defaultConfigurationName = Release;
		};
/* End XCConfigurationList section */
	};
	rootObject = 8F927C9D221DDBB600D6A55C /* Project object */;
}
